
Microsoft Visual Studio Solution File, Format Version 12.00
# Visual Studio Version 16
VisualStudioVersion = 16.0.31402.337
MinimumVisualStudioVersion = 10.0.40219.1
Project("{FAE04EC0-301F-11D3-BF4B-00C04F79EFBC}") = "PersonsInfo", "PersonsInfo\PersonsInfo.csproj", "{DB153D25-3E6A-4F37-914C-A41F20CD48D1}"
EndProject
Global
	GlobalSection(SolutionConfigurationPlatforms) = preSolution
		Debug|Any CPU = Debug|Any CPU
		Release|Any CPU = Release|Any CPU
	EndGlobalSection
	GlobalSection(ProjectConfigurationPlatforms) = postSolution
		{DB153D25-3E6A-4F37-914C-A41F20CD48D1}.Debug|Any CPU.ActiveCfg = Debug|Any CPU
		{DB153D25-3E6A-4F37-914C-A41F20CD48D1}.Debug|Any CPU.Build.0 = Debug|Any CPU
		{DB153D25-3E6A-4F37-914C-A41F20CD48D1}.Release|Any CPU.ActiveCfg = Release|Any CPU
		{DB153D25-3E6A-4F37-914C-A41F20CD48D1}.Release|Any CPU.Build.0 = Release|Any CPU
	EndGlobalSection
	GlobalSection(SolutionProperties) = preSolution
		HideSolutionNode = FALSE
	EndGlobalSection
	GlobalSection(ExtensibilityGlobals) = postSolution
		SolutionGuid = {DD60CC5F-2FBC-47B2-9FDB-6E9C9217FFFF}
	EndGlobalSection
EndGlobal
