
Microsoft Visual Studio Solution File, Format Version 12.00
# Visual Studio Version 16
VisualStudioVersion = 16.0.31515.178
MinimumVisualStudioVersion = 10.0.40219.1
Project("{9A19103F-16F7-4668-BE54-9A1E7A4F7556}") = "Singleton", "1.Singleton\Singleton.csproj", "{89AFB90E-5518-4B7E-A24B-D01D44F4DB0E}"
EndProject
Project("{FAE04EC0-301F-11D3-BF4B-00C04F79EFBC}") = "Facade", "Facade\Facade.csproj", "{B66DE15D-8A95-44FE-AC56-AE26B9DDD6F8}"
EndProject
Global
	GlobalSection(SolutionConfigurationPlatforms) = preSolution
		Debug|Any CPU = Debug|Any CPU
		Release|Any CPU = Release|Any CPU
	EndGlobalSection
	GlobalSection(ProjectConfigurationPlatforms) = postSolution
		{89AFB90E-5518-4B7E-A24B-D01D44F4DB0E}.Debug|Any CPU.ActiveCfg = Debug|Any CPU
		{89AFB90E-5518-4B7E-A24B-D01D44F4DB0E}.Debug|Any CPU.Build.0 = Debug|Any CPU
		{89AFB90E-5518-4B7E-A24B-D01D44F4DB0E}.Release|Any CPU.ActiveCfg = Release|Any CPU
		{89AFB90E-5518-4B7E-A24B-D01D44F4DB0E}.Release|Any CPU.Build.0 = Release|Any CPU
		{B66DE15D-8A95-44FE-AC56-AE26B9DDD6F8}.Debug|Any CPU.ActiveCfg = Debug|Any CPU
		{B66DE15D-8A95-44FE-AC56-AE26B9DDD6F8}.Debug|Any CPU.Build.0 = Debug|Any CPU
		{B66DE15D-8A95-44FE-AC56-AE26B9DDD6F8}.Release|Any CPU.ActiveCfg = Release|Any CPU
		{B66DE15D-8A95-44FE-AC56-AE26B9DDD6F8}.Release|Any CPU.Build.0 = Release|Any CPU
	EndGlobalSection
	GlobalSection(SolutionProperties) = preSolution
		HideSolutionNode = FALSE
	EndGlobalSection
	GlobalSection(ExtensibilityGlobals) = postSolution
		SolutionGuid = {50B32E30-3387-45D7-A5E3-D1DD400F435E}
	EndGlobalSection
EndGlobal
