
Microsoft Visual Studio Solution File, Format Version 12.00
# Visual Studio Version 16
VisualStudioVersion = 16.0.31402.337
MinimumVisualStudioVersion = 10.0.40219.1
Project("{FAE04EC0-301F-11D3-BF4B-00C04F79EFBC}") = "Farm", "Farm\Farm.csproj", "{90FF6D55-93B9-46F0-8C33-9F0F055A2723}"
EndProject
Global
	GlobalSection(SolutionConfigurationPlatforms) = preSolution
		Debug|Any CPU = Debug|Any CPU
		Release|Any CPU = Release|Any CPU
	EndGlobalSection
	GlobalSection(ProjectConfigurationPlatforms) = postSolution
		{90FF6D55-93B9-46F0-8C33-9F0F055A2723}.Debug|Any CPU.ActiveCfg = Debug|Any CPU
		{90FF6D55-93B9-46F0-8C33-9F0F055A2723}.Debug|Any CPU.Build.0 = Debug|Any CPU
		{90FF6D55-93B9-46F0-8C33-9F0F055A2723}.Release|Any CPU.ActiveCfg = Release|Any CPU
		{90FF6D55-93B9-46F0-8C33-9F0F055A2723}.Release|Any CPU.Build.0 = Release|Any CPU
	EndGlobalSection
	GlobalSection(SolutionProperties) = preSolution
		HideSolutionNode = FALSE
	EndGlobalSection
	GlobalSection(ExtensibilityGlobals) = postSolution
		SolutionGuid = {6DAAF9AB-6257-479A-9B13-C34A83219817}
	EndGlobalSection
EndGlobal
