
Microsoft Visual Studio Solution File, Format Version 12.00
# Visual Studio Version 16
VisualStudioVersion = 16.0.31402.337
MinimumVisualStudioVersion = 10.0.40219.1
Project("{FAE04EC0-301F-11D3-BF4B-00C04F79EFBC}") = "ShoppingSpree", "ShoppingSpree\ShoppingSpree.csproj", "{76D98D78-1E3E-4984-A032-23055C2CF7B1}"
EndProject
Global
	GlobalSection(SolutionConfigurationPlatforms) = preSolution
		Debug|Any CPU = Debug|Any CPU
		Release|Any CPU = Release|Any CPU
	EndGlobalSection
	GlobalSection(ProjectConfigurationPlatforms) = postSolution
		{76D98D78-1E3E-4984-A032-23055C2CF7B1}.Debug|Any CPU.ActiveCfg = Debug|Any CPU
		{76D98D78-1E3E-4984-A032-23055C2CF7B1}.Debug|Any CPU.Build.0 = Debug|Any CPU
		{76D98D78-1E3E-4984-A032-23055C2CF7B1}.Release|Any CPU.ActiveCfg = Release|Any CPU
		{76D98D78-1E3E-4984-A032-23055C2CF7B1}.Release|Any CPU.Build.0 = Release|Any CPU
	EndGlobalSection
	GlobalSection(SolutionProperties) = preSolution
		HideSolutionNode = FALSE
	EndGlobalSection
	GlobalSection(ExtensibilityGlobals) = postSolution
		SolutionGuid = {8D585EE4-1CCD-4029-AFCA-8726FCC70375}
	EndGlobalSection
EndGlobal
