
Microsoft Visual Studio Solution File, Format Version 12.00
# Visual Studio Version 16
VisualStudioVersion = 16.0.31410.357
MinimumVisualStudioVersion = 10.0.40219.1
Project("{FAE04EC0-301F-11D3-BF4B-00C04F79EFBC}") = "Logger", "Logger.csproj", "{9CAD9776-117D-4901-98AD-0117522F786A}"
EndProject
Global
	GlobalSection(SolutionConfigurationPlatforms) = preSolution
		Debug|Any CPU = Debug|Any CPU
		Release|Any CPU = Release|Any CPU
	EndGlobalSection
	GlobalSection(ProjectConfigurationPlatforms) = postSolution
		{9CAD9776-117D-4901-98AD-0117522F786A}.Debug|Any CPU.ActiveCfg = Debug|Any CPU
		{9CAD9776-117D-4901-98AD-0117522F786A}.Debug|Any CPU.Build.0 = Debug|Any CPU
		{9CAD9776-117D-4901-98AD-0117522F786A}.Release|Any CPU.ActiveCfg = Release|Any CPU
		{9CAD9776-117D-4901-98AD-0117522F786A}.Release|Any CPU.Build.0 = Release|Any CPU
	EndGlobalSection
	GlobalSection(SolutionProperties) = preSolution
		HideSolutionNode = FALSE
	EndGlobalSection
	GlobalSection(ExtensibilityGlobals) = postSolution
		SolutionGuid = {24DBCCF1-B30C-466D-9A2B-2F573D6A9597}
	EndGlobalSection
EndGlobal
