
Microsoft Visual Studio Solution File, Format Version 12.00
# Visual Studio Version 16
VisualStudioVersion = 16.0.31410.357
MinimumVisualStudioVersion = 10.0.40219.1
Project("{FAE04EC0-301F-11D3-BF4B-00C04F79EFBC}") = "PersonInfo", "PersonInfo\PersonInfo.csproj", "{FCFA6C8C-7E98-484F-BBEF-8DACF104F1F4}"
EndProject
Project("{FAE04EC0-301F-11D3-BF4B-00C04F79EFBC}") = "Telephony", "Telephony\Telephony.csproj", "{9C4BA1E9-BA62-4547-AE80-604A027582D6}"
EndProject
Project("{FAE04EC0-301F-11D3-BF4B-00C04F79EFBC}") = "BorderControl", "BorderControl\BorderControl.csproj", "{B40B6056-5C1A-4A16-9097-7011CF391FA3}"
EndProject
Project("{FAE04EC0-301F-11D3-BF4B-00C04F79EFBC}") = "Birthday", "Birthday Celebrations\Birthday.csproj", "{FD165346-E8C7-48F3-B2F8-4C6C9A71CED2}"
EndProject
Global
	GlobalSection(SolutionConfigurationPlatforms) = preSolution
		Debug|Any CPU = Debug|Any CPU
		Release|Any CPU = Release|Any CPU
	EndGlobalSection
	GlobalSection(ProjectConfigurationPlatforms) = postSolution
		{FCFA6C8C-7E98-484F-BBEF-8DACF104F1F4}.Debug|Any CPU.ActiveCfg = Debug|Any CPU
		{FCFA6C8C-7E98-484F-BBEF-8DACF104F1F4}.Debug|Any CPU.Build.0 = Debug|Any CPU
		{FCFA6C8C-7E98-484F-BBEF-8DACF104F1F4}.Release|Any CPU.ActiveCfg = Release|Any CPU
		{FCFA6C8C-7E98-484F-BBEF-8DACF104F1F4}.Release|Any CPU.Build.0 = Release|Any CPU
		{9C4BA1E9-BA62-4547-AE80-604A027582D6}.Debug|Any CPU.ActiveCfg = Debug|Any CPU
		{9C4BA1E9-BA62-4547-AE80-604A027582D6}.Debug|Any CPU.Build.0 = Debug|Any CPU
		{9C4BA1E9-BA62-4547-AE80-604A027582D6}.Release|Any CPU.ActiveCfg = Release|Any CPU
		{9C4BA1E9-BA62-4547-AE80-604A027582D6}.Release|Any CPU.Build.0 = Release|Any CPU
		{B40B6056-5C1A-4A16-9097-7011CF391FA3}.Debug|Any CPU.ActiveCfg = Debug|Any CPU
		{B40B6056-5C1A-4A16-9097-7011CF391FA3}.Debug|Any CPU.Build.0 = Debug|Any CPU
		{B40B6056-5C1A-4A16-9097-7011CF391FA3}.Release|Any CPU.ActiveCfg = Release|Any CPU
		{B40B6056-5C1A-4A16-9097-7011CF391FA3}.Release|Any CPU.Build.0 = Release|Any CPU
		{FD165346-E8C7-48F3-B2F8-4C6C9A71CED2}.Debug|Any CPU.ActiveCfg = Debug|Any CPU
		{FD165346-E8C7-48F3-B2F8-4C6C9A71CED2}.Debug|Any CPU.Build.0 = Debug|Any CPU
		{FD165346-E8C7-48F3-B2F8-4C6C9A71CED2}.Release|Any CPU.ActiveCfg = Release|Any CPU
		{FD165346-E8C7-48F3-B2F8-4C6C9A71CED2}.Release|Any CPU.Build.0 = Release|Any CPU
	EndGlobalSection
	GlobalSection(SolutionProperties) = preSolution
		HideSolutionNode = FALSE
	EndGlobalSection
	GlobalSection(ExtensibilityGlobals) = postSolution
		SolutionGuid = {F7F8CC60-0D6B-40F8-AD17-0ADBF13FDD17}
	EndGlobalSection
EndGlobal
